
Microsoft Visual Studio Solution File, Format Version 12.00
# Visual Studio 15
VisualStudioVersion = 15.0.27703.2035
MinimumVisualStudioVersion = 10.0.40219.1
Project("{FAE04EC0-301F-11D3-BF4B-00C04F79EFBC}") = "Milstone", "Milstone\Milstone.csproj", "{4BAD9682-C4A2-4E4E-9D32-C2E0C1EEA25D}"
EndProject
Global
	GlobalSection(SolutionConfigurationPlatforms) = preSolution
		Debug|Any CPU = Debug|Any CPU
		Release|Any CPU = Release|Any CPU
	EndGlobalSection
	GlobalSection(ProjectConfigurationPlatforms) = postSolution
		{4BAD9682-C4A2-4E4E-9D32-C2E0C1EEA25D}.Debug|Any CPU.ActiveCfg = Debug|Any CPU
		{4BAD9682-C4A2-4E4E-9D32-C2E0C1EEA25D}.Debug|Any CPU.Build.0 = Debug|Any CPU
		{4BAD9682-C4A2-4E4E-9D32-C2E0C1EEA25D}.Release|Any CPU.ActiveCfg = Release|Any CPU
		{4BAD9682-C4A2-4E4E-9D32-C2E0C1EEA25D}.Release|Any CPU.Build.0 = Release|Any CPU
	EndGlobalSection
	GlobalSection(SolutionProperties) = preSolution
		HideSolutionNode = FALSE
	EndGlobalSection
	GlobalSection(ExtensibilityGlobals) = postSolution
		SolutionGuid = {CDA37E99-0642-4E3C-B097-3AC499A2AFAC}
	EndGlobalSection
EndGlobal
